// !$*UTF8*$!
{
	archiveVersion = 1;
	classes = {
	};
	objectVersion = 46;
	objects = {

/* Begin PBXBuildFile section */
		98FE846A1E3BB153004D649C /* AppDelegate.swift in Sources */ = {isa = PBXBuildFile; fileRef = 98FE84691E3BB153004D649C /* AppDelegate.swift */; };
		98FE846C1E3BB153004D649C /* ViewController.swift in Sources */ = {isa = PBXBuildFile; fileRef = 98FE846B1E3BB153004D649C /* ViewController.swift */; };
		98FE846F1E3BB153004D649C /* Main.storyboard in Resources */ = {isa = PBXBuildFile; fileRef = 98FE846D1E3BB153004D649C /* Main.storyboard */; };
		98FE84711E3BB153004D649C /* Assets.xcassets in Resources */ = {isa = PBXBuildFile; fileRef = 98FE84701E3BB153004D649C /* Assets.xcassets */; };
		98FE84741E3BB153004D649C /* LaunchScreen.storyboard in Resources */ = {isa = PBXBuildFile; fileRef = 98FE84721E3BB153004D649C /* LaunchScreen.storyboard */; };
		98FE847F1E3BB153004D649C /* testTests.swift in Sources */ = {isa = PBXBuildFile; fileRef = 98FE847E1E3BB153004D649C /* testTests.swift */; };
		98FE848A1E3BB153004D649C /* testUITests.swift in Sources */ = {isa = PBXBuildFile; fileRef = 98FE84891E3BB153004D649C /* testUITests.swift */; };
/* End PBXBuildFile section */

/* Begin PBXContainerItemProxy section */
		98FE847B1E3BB153004D649C /* PBXContainerItemProxy */ = {
			isa = PBXContainerItemProxy;
			containerPortal = 98FE845E1E3BB153004D649C /* Project object */;
			proxyType = 1;
			remoteGlobalIDString = 98FE84651E3BB153004D649C;
			remoteInfo = test;
		};
		98FE84861E3BB153004D649C /* PBXContainerItemProxy */ = {
			isa = PBXContainerItemProxy;
			containerPortal = 98FE845E1E3BB153004D649C /* Project object */;
			proxyType = 1;
			remoteGlobalIDString = 98FE84651E3BB153004D649C;
			remoteInfo = test;
		};
/* End PBXContainerItemProxy section */

/* Begin PBXFileReference section */
		98FE84661E3BB153004D649C /* test.app */ = {isa = PBXFileReference; explicitFileType = wrapper.application; includeInIndex = 0; path = test.app; sourceTree = BUILT_PRODUCTS_DIR; };
		98FE84691E3BB153004D649C /* AppDelegate.swift */ = {isa = PBXFileReference; lastKnownFileType = sourcecode.swift; path = AppDelegate.swift; sourceTree = "<group>"; };
		98FE846B1E3BB153004D649C /* ViewController.swift */ = {isa = PBXFileReference; lastKnownFileType = sourcecode.swift; path = ViewController.swift; sourceTree = "<group>"; };
		98FE846E1E3BB153004D649C /* Base */ = {isa = PBXFileReference; lastKnownFileType = file.storyboard; name = Base; path = Base.lproj/Main.storyboard; sourceTree = "<group>"; };
		98FE84701E3BB153004D649C /* Assets.xcassets */ = {isa = PBXFileReference; lastKnownFileType = folder.assetcatalog; path = Assets.xcassets; sourceTree = "<group>"; };
		98FE84731E3BB153004D649C /* Base */ = {isa = PBXFileReference; lastKnownFileType = file.storyboard; name = Base; path = Base.lproj/LaunchScreen.storyboard; sourceTree = "<group>"; };
		98FE84751E3BB153004D649C /* Info.plist */ = {isa = PBXFileReference; lastKnownFileType = text.plist.xml; path = Info.plist; sourceTree = "<group>"; };
		98FE847A1E3BB153004D649C /* testTests.xctest */ = {isa = PBXFileReference; explicitFileType = wrapper.cfbundle; includeInIndex = 0; path = testTests.xctest; sourceTree = BUILT_PRODUCTS_DIR; };
		98FE847E1E3BB153004D649C /* testTests.swift */ = {isa = PBXFileReference; lastKnownFileType = sourcecode.swift; path = testTests.swift; sourceTree = "<group>"; };
		98FE84801E3BB153004D649C /* Info.plist */ = {isa = PBXFileReference; lastKnownFileType = text.plist.xml; path = Info.plist; sourceTree = "<group>"; };
		98FE84851E3BB153004D649C /* testUITests.xctest */ = {isa = PBXFileReference; explicitFileType = wrapper.cfbundle; includeInIndex = 0; path = testUITests.xctest; sourceTree = BUILT_PRODUCTS_DIR; };
		98FE84891E3BB153004D649C /* testUITests.swift */ = {isa = PBXFileReference; lastKnownFileType = sourcecode.swift; path = testUITests.swift; sourceTree = "<group>"; };
		98FE848B1E3BB153004D649C /* Info.plist */ = {isa = PBXFileReference; lastKnownFileType = text.plist.xml; path = Info.plist; sourceTree = "<group>"; };
/* End PBXFileReference section */

/* Begin PBXFrameworksBuildPhase section */
		98FE84631E3BB153004D649C /* Frameworks */ = {
			isa = PBXFrameworksBuildPhase;
			buildActionMask = 2147483647;
			files = (
			);
			runOnlyForDeploymentPostprocessing = 0;
		};
		98FE84771E3BB153004D649C /* Frameworks */ = {
			isa = PBXFrameworksBuildPhase;
			buildActionMask = 2147483647;
			files = (
			);
			runOnlyForDeploymentPostprocessing = 0;
		};
		98FE84821E3BB153004D649C /* Frameworks */ = {
			isa = PBXFrameworksBuildPhase;
			buildActionMask = 2147483647;
			files = (
			);
			runOnlyForDeploymentPostprocessing = 0;
		};
/* End PBXFrameworksBuildPhase section */

/* Begin PBXGroup section */
		98FE845D1E3BB153004D649C = {
			isa = PBXGroup;
			children = (
				98FE84681E3BB153004D649C /* test */,
				98FE847D1E3BB153004D649C /* testTests */,
				98FE84881E3BB153004D649C /* testUITests */,
				98FE84671E3BB153004D649C /* Products */,
			);
			sourceTree = "<group>";
		};
		98FE84671E3BB153004D649C /* Products */ = {
			isa = PBXGroup;
			children = (
				98FE84661E3BB153004D649C /* test.app */,
				98FE847A1E3BB153004D649C /* testTests.xctest */,
				98FE84851E3BB153004D649C /* testUITests.xctest */,
			);
			name = Products;
			sourceTree = "<group>";
		};
		98FE84681E3BB153004D649C /* test */ = {
			isa = PBXGroup;
			children = (
				98FE84691E3BB153004D649C /* AppDelegate.swift */,
				98FE846B1E3BB153004D649C /* ViewController.swift */,
				98FE846D1E3BB153004D649C /* Main.storyboard */,
				98FE84701E3BB153004D649C /* Assets.xcassets */,
				98FE84721E3BB153004D649C /* LaunchScreen.storyboard */,
				98FE84751E3BB153004D649C /* Info.plist */,
			);
			path = test;
			sourceTree = "<group>";
		};
		98FE847D1E3BB153004D649C /* testTests */ = {
			isa = PBXGroup;
			children = (
				98FE847E1E3BB153004D649C /* testTests.swift */,
				98FE84801E3BB153004D649C /* Info.plist */,
			);
			path = testTests;
			sourceTree = "<group>";
		};
		98FE84881E3BB153004D649C /* testUITests */ = {
			isa = PBXGroup;
			children = (
				98FE84891E3BB153004D649C /* testUITests.swift */,
				98FE848B1E3BB153004D649C /* Info.plist */,
			);
			path = testUITests;
			sourceTree = "<group>";
		};
/* End PBXGroup section */

/* Begin PBXNativeTarget section */
		98FE84651E3BB153004D649C /* test */ = {
			isa = PBXNativeTarget;
			buildConfigurationList = 98FE848E1E3BB153004D649C /* Build configuration list for PBXNativeTarget "test" */;
			buildPhases = (
				98FE84621E3BB153004D649C /* Sources */,
				98FE84631E3BB153004D649C /* Frameworks */,
				98FE84641E3BB153004D649C /* Resources */,
			);
			buildRules = (
			);
			dependencies = (
			);
			name = test;
			productName = test;
			productReference = 98FE84661E3BB153004D649C /* test.app */;
			productType = "com.apple.product-type.application";
		};
		98FE84791E3BB153004D649C /* testTests */ = {
			isa = PBXNativeTarget;
			buildConfigurationList = 98FE84911E3BB153004D649C /* Build configuration list for PBXNativeTarget "testTests" */;
			buildPhases = (
				98FE84761E3BB153004D649C /* Sources */,
				98FE84771E3BB153004D649C /* Frameworks */,
				98FE84781E3BB153004D649C /* Resources */,
			);
			buildRules = (
			);
			dependencies = (
				98FE847C1E3BB153004D649C /* PBXTargetDependency */,
			);
			name = testTests;
			productName = testTests;
			productReference = 98FE847A1E3BB153004D649C /* testTests.xctest */;
			productType = "com.apple.product-type.bundle.unit-test";
		};
		98FE84841E3BB153004D649C /* testUITests */ = {
			isa = PBXNativeTarget;
			buildConfigurationList = 98FE84941E3BB153004D649C /* Build configuration list for PBXNativeTarget "testUITests" */;
			buildPhases = (
				98FE84811E3BB153004D649C /* Sources */,
				98FE84821E3BB153004D649C /* Frameworks */,
				98FE84831E3BB153004D649C /* Resources */,
			);
			buildRules = (
			);
			dependencies = (
				98FE84871E3BB153004D649C /* PBXTargetDependency */,
			);
			name = testUITests;
			productName = testUITests;
			productReference = 98FE84851E3BB153004D649C /* testUITests.xctest */;
			productType = "com.apple.product-type.bundle.ui-testing";
		};
/* End PBXNativeTarget section */

/* Begin PBXProject section */
		98FE845E1E3BB153004D649C /* Project object */ = {
			isa = PBXProject;
			attributes = {
				LastSwiftUpdateCheck = 0820;
				LastUpgradeCheck = 0820;
				ORGANIZATIONNAME = "Teerawat kumsila";
				TargetAttributes = {
					98FE84651E3BB153004D649C = {
						CreatedOnToolsVersion = 8.2.1;
						DevelopmentTeam = P22Y4XUGF5;
						ProvisioningStyle = Automatic;
					};
					98FE84791E3BB153004D649C = {
						CreatedOnToolsVersion = 8.2.1;
						DevelopmentTeam = P22Y4XUGF5;
						ProvisioningStyle = Automatic;
						TestTargetID = 98FE84651E3BB153004D649C;
					};
					98FE84841E3BB153004D649C = {
						CreatedOnToolsVersion = 8.2.1;
						DevelopmentTeam = P22Y4XUGF5;
						ProvisioningStyle = Automatic;
						TestTargetID = 98FE84651E3BB153004D649C;
					};
				};
			};
			buildConfigurationList = 98FE84611E3BB153004D649C /* Build configuration list for PBXProject "test" */;
			compatibilityVersion = "Xcode 3.2";
			developmentRegion = English;
			hasScannedForEncodings = 0;
			knownRegions = (
				en,
				Base,
			);
			mainGroup = 98FE845D1E3BB153004D649C;
			productRefGroup = 98FE84671E3BB153004D649C /* Products */;
			projectDirPath = "";
			projectRoot = "";
			targets = (
				98FE84651E3BB153004D649C /* test */,
				98FE84791E3BB153004D649C /* testTests */,
				98FE84841E3BB153004D649C /* testUITests */,
			);
		};
/* End PBXProject section */

/* Begin PBXResourcesBuildPhase section */
		98FE84641E3BB153004D649C /* Resources */ = {
			isa = PBXResourcesBuildPhase;
			buildActionMask = 2147483647;
			files = (
				98FE84741E3BB153004D649C /* LaunchScreen.storyboard in Resources */,
				98FE84711E3BB153004D649C /* Assets.xcassets in Resources */,
				98FE846F1E3BB153004D649C /* Main.storyboard in Resources */,
			);
			runOnlyForDeploymentPostprocessing = 0;
		};
		98FE84781E3BB153004D649C /* Resources */ = {
			isa = PBXResourcesBuildPhase;
			buildActionMask = 2147483647;
			files = (
			);
			runOnlyForDeploymentPostprocessing = 0;
		};
		98FE84831E3BB153004D649C /* Resources */ = {
			isa = PBXResourcesBuildPhase;
			buildActionMask = 2147483647;
			files = (
			);
			runOnlyForDeploymentPostprocessing = 0;
		};
/* End PBXResourcesBuildPhase section */

/* Begin PBXSourcesBuildPhase section */
		98FE84621E3BB153004D649C /* Sources */ = {
			isa = PBXSourcesBuildPhase;
			buildActionMask = 2147483647;
			files = (
				98FE846C1E3BB153004D649C /* ViewController.swift in Sources */,
				98FE846A1E3BB153004D649C /* AppDelegate.swift in Sources */,
			);
			runOnlyForDeploymentPostprocessing = 0;
		};
		98FE84761E3BB153004D649C /* Sources */ = {
			isa = PBXSourcesBuildPhase;
			buildActionMask = 2147483647;
			files = (
				98FE847F1E3BB153004D649C /* testTests.swift in Sources */,
			);
			runOnlyForDeploymentPostprocessing = 0;
		};
		98FE84811E3BB153004D649C /* Sources */ = {
			isa = PBXSourcesBuildPhase;
			buildActionMask = 2147483647;
			files = (
				98FE848A1E3BB153004D649C /* testUITests.swift in Sources */,
			);
			runOnlyForDeploymentPostprocessing = 0;
		};
/* End PBXSourcesBuildPhase section */

/* Begin PBXTargetDependency section */
		98FE847C1E3BB153004D649C /* PBXTargetDependency */ = {
			isa = PBXTargetDependency;
			target = 98FE84651E3BB153004D649C /* test */;
			targetProxy = 98FE847B1E3BB153004D649C /* PBXContainerItemProxy */;
		};
		98FE84871E3BB153004D649C /* PBXTargetDependency */ = {
			isa = PBXTargetDependency;
			target = 98FE84651E3BB153004D649C /* test */;
			targetProxy = 98FE84861E3BB153004D649C /* PBXContainerItemProxy */;
		};
/* End PBXTargetDependency section */

/* Begin PBXVariantGroup section */
		98FE846D1E3BB153004D649C /* Main.storyboard */ = {
			isa = PBXVariantGroup;
			children = (
				98FE846E1E3BB153004D649C /* Base */,
			);
			name = Main.storyboard;
			sourceTree = "<group>";
		};
		98FE84721E3BB153004D649C /* LaunchScreen.storyboard */ = {
			isa = PBXVariantGroup;
			children = (
				98FE84731E3BB153004D649C /* Base */,
			);
			name = LaunchScreen.storyboard;
			sourceTree = "<group>";
		};
/* End PBXVariantGroup section */

/* Begin XCBuildConfiguration section */
		98FE848C1E3BB153004D649C /* Debug */ = {
			isa = XCBuildConfiguration;
			buildSettings = {
				ALWAYS_SEARCH_USER_PATHS = NO;
				CLANG_ANALYZER_NONNULL = YES;
				CLANG_CXX_LANGUAGE_STANDARD = "gnu++0x";
				CLANG_CXX_LIBRARY = "libc++";
				CLANG_ENABLE_MODULES = YES;
				CLANG_ENABLE_OBJC_ARC = YES;
				CLANG_WARN_BOOL_CONVERSION = YES;
				CLANG_WARN_CONSTANT_CONVERSION = YES;
				CLANG_WARN_DIRECT_OBJC_ISA_USAGE = YES_ERROR;
				CLANG_WARN_DOCUMENTATION_COMMENTS = YES;
				CLANG_WARN_EMPTY_BODY = YES;
				CLANG_WARN_ENUM_CONVERSION = YES;
				CLANG_WARN_INFINITE_RECURSION = YES;
				CLANG_WARN_INT_CONVERSION = YES;
				CLANG_WARN_OBJC_ROOT_CLASS = YES_ERROR;
				CLANG_WARN_SUSPICIOUS_MOVE = YES;
				CLANG_WARN_UNREACHABLE_CODE = YES;
				CLANG_WARN__DUPLICATE_METHOD_MATCH = YES;
				"CODE_SIGN_IDENTITY[sdk=iphoneos*]" = "iPhone Developer";
				COPY_PHASE_STRIP = NO;
				DEBUG_INFORMATION_FORMAT = dwarf;
				ENABLE_STRICT_OBJC_MSGSEND = YES;
				ENABLE_TESTABILITY = YES;
				GCC_C_LANGUAGE_STANDARD = gnu99;
				GCC_DYNAMIC_NO_PIC = NO;
				GCC_NO_COMMON_BLOCKS = YES;
				GCC_OPTIMIZATION_LEVEL = 0;
				GCC_PREPROCESSOR_DEFINITIONS = (
					"DEBUG=1",
					"$(inherited)",
				);
				GCC_WARN_64_TO_32_BIT_CONVERSION = YES;
				GCC_WARN_ABOUT_RETURN_TYPE = YES_ERROR;
				GCC_WARN_UNDECLARED_SELECTOR = YES;
				GCC_WARN_UNINITIALIZED_AUTOS = YES_AGGRESSIVE;
				GCC_WARN_UNUSED_FUNCTION = YES;
				GCC_WARN_UNUSED_VARIABLE = YES;
				IPHONEOS_DEPLOYMENT_TARGET = 10.2;
				MTL_ENABLE_DEBUG_INFO = YES;
				ONLY_ACTIVE_ARCH = YES;
				SDKROOT = iphoneos;
				SWIFT_ACTIVE_COMPILATION_CONDITIONS = DEBUG;
				SWIFT_OPTIMIZATION_LEVEL = "-Onone";
				TARGETED_DEVICE_FAMILY = "1,2";
			};
			name = Debug;
		};
		98FE848D1E3BB153004D649C /* Release */ = {
			isa = XCBuildConfiguration;
			buildSettings = {
				ALWAYS_SEARCH_USER_PATHS = NO;
				CLANG_ANALYZER_NONNULL = YES;
				CLANG_CXX_LANGUAGE_STANDARD = "gnu++0x";
				CLANG_CXX_LIBRARY = "libc++";
				CLANG_ENABLE_MODULES = YES;
				CLANG_ENABLE_OBJC_ARC = YES;
				CLANG_WARN_BOOL_CONVERSION = YES;
				CLANG_WARN_CONSTANT_CONVERSION = YES;
				CLANG_WARN_DIRECT_OBJC_ISA_USAGE = YES_ERROR;
				CLANG_WARN_DOCUMENTATION_COMMENTS = YES;
				CLANG_WARN_EMPTY_BODY = YES;
				CLANG_WARN_ENUM_CONVERSION = YES;
				CLANG_WARN_INFINITE_RECURSION = YES;
				CLANG_WARN_INT_CONVERSION = YES;
				CLANG_WARN_OBJC_ROOT_CLASS = YES_ERROR;
				CLANG_WARN_SUSPICIOUS_MOVE = YES;
				CLANG_WARN_UNREACHABLE_CODE = YES;
				CLANG_WARN__DUPLICATE_METHOD_MATCH = YES;
				"CODE_SIGN_IDENTITY[sdk=iphoneos*]" = "iPhone Developer";
				COPY_PHASE_STRIP = NO;
				DEBUG_INFORMATION_FORMAT = "dwarf-with-dsym";
				ENABLE_NS_ASSERTIONS = NO;
				ENABLE_STRICT_OBJC_MSGSEND = YES;
				GCC_C_LANGUAGE_STANDARD = gnu99;
				GCC_NO_COMMON_BLOCKS = YES;
				GCC_WARN_64_TO_32_BIT_CONVERSION = YES;
				GCC_WARN_ABOUT_RETURN_TYPE = YES_ERROR;
				GCC_WARN_UNDECLARED_SELECTOR = YES;
				GCC_WARN_UNINITIALIZED_AUTOS = YES_AGGRESSIVE;
				GCC_WARN_UNUSED_FUNCTION = YES;
				GCC_WARN_UNUSED_VARIABLE = YES;
				IPHONEOS_DEPLOYMENT_TARGET = 10.2;
				MTL_ENABLE_DEBUG_INFO = NO;
				SDKROOT = iphoneos;
				SWIFT_OPTIMIZATION_LEVEL = "-Owholemodule";
				TARGETED_DEVICE_FAMILY = "1,2";
				VALIDATE_PRODUCT = YES;
			};
			name = Release;
		};
		98FE848F1E3BB153004D649C /* Debug */ = {
			isa = XCBuildConfiguration;
			buildSettings = {
				ASSETCATALOG_COMPILER_APPICON_NAME = AppIcon;
				DEVELOPMENT_TEAM = P22Y4XUGF5;
				INFOPLIST_FILE = test/Info.plist;
				LD_RUNPATH_SEARCH_PATHS = "$(inherited) @executable_path/Frameworks";
				PRODUCT_BUNDLE_IDENTIFIER = Oommi.test;
				PRODUCT_NAME = "$(TARGET_NAME)";
				SWIFT_VERSION = 3.0;
			};
			name = Debug;
		};
		98FE84901E3BB153004D649C /* Release */ = {
			isa = XCBuildConfiguration;
			buildSettings = {
				ASSETCATALOG_COMPILER_APPICON_NAME = AppIcon;
				DEVELOPMENT_TEAM = P22Y4XUGF5;
				INFOPLIST_FILE = test/Info.plist;
				LD_RUNPATH_SEARCH_PATHS = "$(inherited) @executable_path/Frameworks";
				PRODUCT_BUNDLE_IDENTIFIER = Oommi.test;
				PRODUCT_NAME = "$(TARGET_NAME)";
				SWIFT_VERSION = 3.0;
			};
			name = Release;
		};
		98FE84921E3BB153004D649C /* Debug */ = {
			isa = XCBuildConfiguration;
			buildSettings = {
				ALWAYS_EMBED_SWIFT_STANDARD_LIBRARIES = YES;
				BUNDLE_LOADER = "$(TEST_HOST)";
				DEVELOPMENT_TEAM = P22Y4XUGF5;
				INFOPLIST_FILE = testTests/Info.plist;
				LD_RUNPATH_SEARCH_PATHS = "$(inherited) @executable_path/Frameworks @loader_path/Frameworks";
				PRODUCT_BUNDLE_IDENTIFIER = Oommi.testTests;
				PRODUCT_NAME = "$(TARGET_NAME)";
				SWIFT_VERSION = 3.0;
				TEST_HOST = "$(BUILT_PRODUCTS_DIR)/test.app/test";
			};
			name = Debug;
		};
		98FE84931E3BB153004D649C /* Release */ = {
			isa = XCBuildConfiguration;
			buildSettings = {
				ALWAYS_EMBED_SWIFT_STANDARD_LIBRARIES = YES;
				BUNDLE_LOADER = "$(TEST_HOST)";
				DEVELOPMENT_TEAM = P22Y4XUGF5;
				INFOPLIST_FILE = testTests/Info.plist;
				LD_RUNPATH_SEARCH_PATHS = "$(inherited) @executable_path/Frameworks @loader_path/Frameworks";
				PRODUCT_BUNDLE_IDENTIFIER = Oommi.testTests;
				PRODUCT_NAME = "$(TARGET_NAME)";
				SWIFT_VERSION = 3.0;
				TEST_HOST = "$(BUILT_PRODUCTS_DIR)/test.app/test";
			};
			name = Release;
		};
		98FE84951E3BB153004D649C /* Debug */ = {
			isa = XCBuildConfiguration;
			buildSettings = {
				ALWAYS_EMBED_SWIFT_STANDARD_LIBRARIES = YES;
				DEVELOPMENT_TEAM = P22Y4XUGF5;
				INFOPLIST_FILE = testUITests/Info.plist;
				LD_RUNPATH_SEARCH_PATHS = "$(inherited) @executable_path/Frameworks @loader_path/Frameworks";
				PRODUCT_BUNDLE_IDENTIFIER = Oommi.testUITests;
				PRODUCT_NAME = "$(TARGET_NAME)";
				SWIFT_VERSION = 3.0;
				TEST_TARGET_NAME = test;
			};
			name = Debug;
		};
		98FE84961E3BB153004D649C /* Release */ = {
			isa = XCBuildConfiguration;
			buildSettings = {
				ALWAYS_EMBED_SWIFT_STANDARD_LIBRARIES = YES;
				DEVELOPMENT_TEAM = P22Y4XUGF5;
				INFOPLIST_FILE = testUITests/Info.plist;
				LD_RUNPATH_SEARCH_PATHS = "$(inherited) @executable_path/Frameworks @loader_path/Frameworks";
				PRODUCT_BUNDLE_IDENTIFIER = Oommi.testUITests;
				PRODUCT_NAME = "$(TARGET_NAME)";
				SWIFT_VERSION = 3.0;
				TEST_TARGET_NAME = test;
			};
			name = Release;
		};
/* End XCBuildConfiguration section */

/* Begin XCConfigurationList section */
		98FE84611E3BB153004D649C /* Build configuration list for PBXProject "test" */ = {
			isa = XCConfigurationList;
			buildConfigurations = (
				98FE848C1E3BB153004D649C /* Debug */,
				98FE848D1E3BB153004D649C /* Release */,
			);
			defaultConfigurationIsVisible = 0;
			defaultConfigurationName = Release;
		};
		98FE848E1E3BB153004D649C /* Build configuration list for PBXNativeTarget "test" */ = {
			isa = XCConfigurationList;
			buildConfigurations = (
				98FE848F1E3BB153004D649C /* Debug */,
				98FE84901E3BB153004D649C /* Release */,
			);
			defaultConfigurationIsVisible = 0;
		};
		98FE84911E3BB153004D649C /* Build configuration list for PBXNativeTarget "testTests" */ = {
			isa = XCConfigurationList;
			buildConfigurations = (
				98FE84921E3BB153004D649C /* Debug */,
				98FE84931E3BB153004D649C /* Release */,
			);
			defaultConfigurationIsVisible = 0;
		};
		98FE84941E3BB153004D649C /* Build configuration list for PBXNativeTarget "testUITests" */ = {
			isa = XCConfigurationList;
			buildConfigurations = (
				98FE84951E3BB153004D649C /* Debug */,
				98FE84961E3BB153004D649C /* Release */,
			);
			defaultConfigurationIsVisible = 0;
		};
/* End XCConfigurationList section */
	};
	rootObject = 98FE845E1E3BB153004D649C /* Project object */;
}
